// !$*UTF8*$!
{
	archiveVersion = 1;
	classes = {
	};
	objectVersion = 50;
	objects = {

/* Begin PBXBuildFile section */
		493CFA332216FDEE00450560 /* CategoryViewController.swift in Sources */ = {isa = PBXBuildFile; fileRef = 493CFA322216FDEE00450560 /* CategoryViewController.swift */; };
		49886E1821EF6DC400430D27 /* AppDelegate.swift in Sources */ = {isa = PBXBuildFile; fileRef = 49886E1721EF6DC400430D27 /* AppDelegate.swift */; };
		49886E1A21EF6DC400430D27 /* TodoListViewController.swift in Sources */ = {isa = PBXBuildFile; fileRef = 49886E1921EF6DC400430D27 /* TodoListViewController.swift */; };
		49886E1D21EF6DC400430D27 /* Main.storyboard in Resources */ = {isa = PBXBuildFile; fileRef = 49886E1B21EF6DC400430D27 /* Main.storyboard */; };
		49886E1F21EF6DC500430D27 /* Assets.xcassets in Resources */ = {isa = PBXBuildFile; fileRef = 49886E1E21EF6DC500430D27 /* Assets.xcassets */; };
		49886E2221EF6DC500430D27 /* LaunchScreen.storyboard in Resources */ = {isa = PBXBuildFile; fileRef = 49886E2021EF6DC500430D27 /* LaunchScreen.storyboard */; };
		499033CA2219B96D00A01F57 /* swipeTableViewController.swift in Sources */ = {isa = PBXBuildFile; fileRef = 499033C92219B96D00A01F57 /* swipeTableViewController.swift */; };
		49BBE3A02219650F003816F3 /* Item.swift in Sources */ = {isa = PBXBuildFile; fileRef = 49BBE39F2219650F003816F3 /* Item.swift */; };
		49BBE3A22219651E003816F3 /* Category.swift in Sources */ = {isa = PBXBuildFile; fileRef = 49BBE3A12219651E003816F3 /* Category.swift */; };
		5344A9DF727B2D999A1926A5 /* Pods_Todoey.framework in Frameworks */ = {isa = PBXBuildFile; fileRef = 8A30369FE7D665E4880CD17C /* Pods_Todoey.framework */; };
/* End PBXBuildFile section */

/* Begin PBXFileReference section */
		493CFA322216FDEE00450560 /* CategoryViewController.swift */ = {isa = PBXFileReference; lastKnownFileType = sourcecode.swift; path = CategoryViewController.swift; sourceTree = "<group>"; };
		49886E1421EF6DC400430D27 /* Todoey.app */ = {isa = PBXFileReference; explicitFileType = wrapper.application; includeInIndex = 0; path = Todoey.app; sourceTree = BUILT_PRODUCTS_DIR; };
		49886E1721EF6DC400430D27 /* AppDelegate.swift */ = {isa = PBXFileReference; lastKnownFileType = sourcecode.swift; path = AppDelegate.swift; sourceTree = "<group>"; };
		49886E1921EF6DC400430D27 /* TodoListViewController.swift */ = {isa = PBXFileReference; lastKnownFileType = sourcecode.swift; path = TodoListViewController.swift; sourceTree = "<group>"; };
		49886E1C21EF6DC400430D27 /* Base */ = {isa = PBXFileReference; lastKnownFileType = file.storyboard; name = Base; path = Base.lproj/Main.storyboard; sourceTree = "<group>"; };
		49886E1E21EF6DC500430D27 /* Assets.xcassets */ = {isa = PBXFileReference; lastKnownFileType = folder.assetcatalog; path = Assets.xcassets; sourceTree = "<group>"; };
		49886E2121EF6DC500430D27 /* Base */ = {isa = PBXFileReference; lastKnownFileType = file.storyboard; name = Base; path = Base.lproj/LaunchScreen.storyboard; sourceTree = "<group>"; };
		49886E2321EF6DC500430D27 /* Info.plist */ = {isa = PBXFileReference; lastKnownFileType = text.plist.xml; path = Info.plist; sourceTree = "<group>"; };
		499033C92219B96D00A01F57 /* swipeTableViewController.swift */ = {isa = PBXFileReference; lastKnownFileType = sourcecode.swift; path = swipeTableViewController.swift; sourceTree = "<group>"; };
		49BBE39F2219650F003816F3 /* Item.swift */ = {isa = PBXFileReference; lastKnownFileType = sourcecode.swift; path = Item.swift; sourceTree = "<group>"; };
		49BBE3A12219651E003816F3 /* Category.swift */ = {isa = PBXFileReference; lastKnownFileType = sourcecode.swift; path = Category.swift; sourceTree = "<group>"; };
		7466E6825C23AC3F79B2F353 /* Pods-Todoey.debug.xcconfig */ = {isa = PBXFileReference; includeInIndex = 1; lastKnownFileType = text.xcconfig; name = "Pods-Todoey.debug.xcconfig"; path = "Pods/Target Support Files/Pods-Todoey/Pods-Todoey.debug.xcconfig"; sourceTree = "<group>"; };
		8A30369FE7D665E4880CD17C /* Pods_Todoey.framework */ = {isa = PBXFileReference; explicitFileType = wrapper.framework; includeInIndex = 0; path = Pods_Todoey.framework; sourceTree = BUILT_PRODUCTS_DIR; };
		92CB32F46B8936D38FE5F7FD /* Pods-Todoey.release.xcconfig */ = {isa = PBXFileReference; includeInIndex = 1; lastKnownFileType = text.xcconfig; name = "Pods-Todoey.release.xcconfig"; path = "Pods/Target Support Files/Pods-Todoey/Pods-Todoey.release.xcconfig"; sourceTree = "<group>"; };
/* End PBXFileReference section */

/* Begin PBXFrameworksBuildPhase section */
		49886E1121EF6DC400430D27 /* Frameworks */ = {
			isa = PBXFrameworksBuildPhase;
			buildActionMask = 2147483647;
			files = (
				5344A9DF727B2D999A1926A5 /* Pods_Todoey.framework in Frameworks */,
			);
			runOnlyForDeploymentPostprocessing = 0;
		};
/* End PBXFrameworksBuildPhase section */

/* Begin PBXGroup section */
		49886E0B21EF6DC400430D27 = {
			isa = PBXGroup;
			children = (
				49886E1621EF6DC400430D27 /* Todoey */,
				49886E1521EF6DC400430D27 /* Products */,
				8F81F112E28F73963B044EC0 /* Pods */,
				593DE494AEA125A522A81C6C /* Frameworks */,
			);
			sourceTree = "<group>";
		};
		49886E1521EF6DC400430D27 /* Products */ = {
			isa = PBXGroup;
			children = (
				49886E1421EF6DC400430D27 /* Todoey.app */,
			);
			name = Products;
			sourceTree = "<group>";
		};
		49886E1621EF6DC400430D27 /* Todoey */ = {
			isa = PBXGroup;
			children = (
				49886E1721EF6DC400430D27 /* AppDelegate.swift */,
				49C2FC8E21F5F3E90010405A /* Controllers */,
				49C2FC8D21F5F3D70010405A /* Data Model */,
				49C2FC8F21F5F4050010405A /* VIews */,
				49C2FC9021F5F41C0010405A /* Supportimg Files */,
				49886E2321EF6DC500430D27 /* Info.plist */,
			);
			path = Todoey;
			sourceTree = "<group>";
		};
		49C2FC8D21F5F3D70010405A /* Data Model */ = {
			isa = PBXGroup;
			children = (
				49BBE3A12219651E003816F3 /* Category.swift */,
				49BBE39F2219650F003816F3 /* Item.swift */,
			);
			path = "Data Model";
			sourceTree = "<group>";
		};
		49C2FC8E21F5F3E90010405A /* Controllers */ = {
			isa = PBXGroup;
			children = (
				493CFA322216FDEE00450560 /* CategoryViewController.swift */,
				49886E1921EF6DC400430D27 /* TodoListViewController.swift */,
				499033C92219B96D00A01F57 /* swipeTableViewController.swift */,
			);
			path = Controllers;
			sourceTree = "<group>";
		};
		49C2FC8F21F5F4050010405A /* VIews */ = {
			isa = PBXGroup;
			children = (
				49886E1B21EF6DC400430D27 /* Main.storyboard */,
			);
			path = VIews;
			sourceTree = "<group>";
		};
		49C2FC9021F5F41C0010405A /* Supportimg Files */ = {
			isa = PBXGroup;
			children = (
				49886E1E21EF6DC500430D27 /* Assets.xcassets */,
				49886E2021EF6DC500430D27 /* LaunchScreen.storyboard */,
			);
			path = "Supportimg Files";
			sourceTree = "<group>";
		};
		593DE494AEA125A522A81C6C /* Frameworks */ = {
			isa = PBXGroup;
			children = (
				8A30369FE7D665E4880CD17C /* Pods_Todoey.framework */,
			);
			name = Frameworks;
			sourceTree = "<group>";
		};
		8F81F112E28F73963B044EC0 /* Pods */ = {
			isa = PBXGroup;
			children = (
				7466E6825C23AC3F79B2F353 /* Pods-Todoey.debug.xcconfig */,
				92CB32F46B8936D38FE5F7FD /* Pods-Todoey.release.xcconfig */,
			);
			name = Pods;
			sourceTree = "<group>";
		};
/* End PBXGroup section */

/* Begin PBXNativeTarget section */
		49886E1321EF6DC400430D27 /* Todoey */ = {
			isa = PBXNativeTarget;
			buildConfigurationList = 49886E2621EF6DC500430D27 /* Build configuration list for PBXNativeTarget "Todoey" */;
			buildPhases = (
				6529B610D9AE7CEDACA3F97A /* [CP] Check Pods Manifest.lock */,
				49886E1021EF6DC400430D27 /* Sources */,
				49886E1121EF6DC400430D27 /* Frameworks */,
				49886E1221EF6DC400430D27 /* Resources */,
				F97868A6DF7551B0E6BC33EC /* [CP] Embed Pods Frameworks */,
			);
			buildRules = (
			);
			dependencies = (
			);
			name = Todoey;
			productName = Todoey;
			productReference = 49886E1421EF6DC400430D27 /* Todoey.app */;
			productType = "com.apple.product-type.application";
		};
/* End PBXNativeTarget section */

/* Begin PBXProject section */
		49886E0C21EF6DC400430D27 /* Project object */ = {
			isa = PBXProject;
			attributes = {
				LastSwiftUpdateCheck = 1010;
				LastUpgradeCheck = 1010;
				ORGANIZATIONNAME = Hardeep;
				TargetAttributes = {
					49886E1321EF6DC400430D27 = {
						CreatedOnToolsVersion = 10.1;
					};
				};
			};
			buildConfigurationList = 49886E0F21EF6DC400430D27 /* Build configuration list for PBXProject "Todoey" */;
			compatibilityVersion = "Xcode 9.3";
			developmentRegion = en;
			hasScannedForEncodings = 0;
			knownRegions = (
				en,
				Base,
			);
			mainGroup = 49886E0B21EF6DC400430D27;
			productRefGroup = 49886E1521EF6DC400430D27 /* Products */;
			projectDirPath = "";
			projectRoot = "";
			targets = (
				49886E1321EF6DC400430D27 /* Todoey */,
			);
		};
/* End PBXProject section */

/* Begin PBXResourcesBuildPhase section */
		49886E1221EF6DC400430D27 /* Resources */ = {
			isa = PBXResourcesBuildPhase;
			buildActionMask = 2147483647;
			files = (
				49886E2221EF6DC500430D27 /* LaunchScreen.storyboard in Resources */,
				49886E1F21EF6DC500430D27 /* Assets.xcassets in Resources */,
				49886E1D21EF6DC400430D27 /* Main.storyboard in Resources */,
			);
			runOnlyForDeploymentPostprocessing = 0;
		};
/* End PBXResourcesBuildPhase section */

/* Begin PBXShellScriptBuildPhase section */
		6529B610D9AE7CEDACA3F97A /* [CP] Check Pods Manifest.lock */ = {
			isa = PBXShellScriptBuildPhase;
			buildActionMask = 2147483647;
			files = (
			);
			inputFileListPaths = (
			);
			inputPaths = (
				"${PODS_PODFILE_DIR_PATH}/Podfile.lock",
				"${PODS_ROOT}/Manifest.lock",
			);
			name = "[CP] Check Pods Manifest.lock";
			outputFileListPaths = (
			);
			outputPaths = (
				"$(DERIVED_FILE_DIR)/Pods-Todoey-checkManifestLockResult.txt",
			);
			runOnlyForDeploymentPostprocessing = 0;
			shellPath = /bin/sh;
			shellScript = "diff \"${PODS_PODFILE_DIR_PATH}/Podfile.lock\" \"${PODS_ROOT}/Manifest.lock\" > /dev/null\nif [ $? != 0 ] ; then\n    # print error to STDERR\n    echo \"error: The sandbox is not in sync with the Podfile.lock. Run 'pod install' or update your CocoaPods installation.\" >&2\n    exit 1\nfi\n# This output is used by Xcode 'outputs' to avoid re-running this script phase.\necho \"SUCCESS\" > \"${SCRIPT_OUTPUT_FILE_0}\"\n";
			showEnvVarsInLog = 0;
		};
		F97868A6DF7551B0E6BC33EC /* [CP] Embed Pods Frameworks */ = {
			isa = PBXShellScriptBuildPhase;
			buildActionMask = 2147483647;
			files = (
			);
			inputFileListPaths = (
			);
			inputPaths = (
				"${SRCROOT}/Pods/Target Support Files/Pods-Todoey/Pods-Todoey-frameworks.sh",
				"${BUILT_PRODUCTS_DIR}/ChameleonFramework/ChameleonFramework.framework",
				"${BUILT_PRODUCTS_DIR}/Realm/Realm.framework",
				"${BUILT_PRODUCTS_DIR}/RealmSwift/RealmSwift.framework",
				"${BUILT_PRODUCTS_DIR}/SwipeCellKit/SwipeCellKit.framework",
			);
			name = "[CP] Embed Pods Frameworks";
			outputFileListPaths = (
			);
			outputPaths = (
				"${TARGET_BUILD_DIR}/${FRAMEWORKS_FOLDER_PATH}/ChameleonFramework.framework",
				"${TARGET_BUILD_DIR}/${FRAMEWORKS_FOLDER_PATH}/Realm.framework",
				"${TARGET_BUILD_DIR}/${FRAMEWORKS_FOLDER_PATH}/RealmSwift.framework",
				"${TARGET_BUILD_DIR}/${FRAMEWORKS_FOLDER_PATH}/SwipeCellKit.framework",
			);
			runOnlyForDeploymentPostprocessing = 0;
			shellPath = /bin/sh;
			shellScript = "\"${SRCROOT}/Pods/Target Support Files/Pods-Todoey/Pods-Todoey-frameworks.sh\"\n";
			showEnvVarsInLog = 0;
		};
/* End PBXShellScriptBuildPhase section */

/* Begin PBXSourcesBuildPhase section */
		49886E1021EF6DC400430D27 /* Sources */ = {
			isa = PBXSourcesBuildPhase;
			buildActionMask = 2147483647;
			files = (
				499033CA2219B96D00A01F57 /* swipeTableViewController.swift in Sources */,
				49BBE3A02219650F003816F3 /* Item.swift in Sources */,
				493CFA332216FDEE00450560 /* CategoryViewController.swift in Sources */,
				49886E1A21EF6DC400430D27 /* TodoListViewController.swift in Sources */,
				49886E1821EF6DC400430D27 /* AppDelegate.swift in Sources */,
				49BBE3A22219651E003816F3 /* Category.swift in Sources */,
			);
			runOnlyForDeploymentPostprocessing = 0;
		};
/* End PBXSourcesBuildPhase section */

/* Begin PBXVariantGroup section */
		49886E1B21EF6DC400430D27 /* Main.storyboard */ = {
			isa = PBXVariantGroup;
			children = (
				49886E1C21EF6DC400430D27 /* Base */,
			);
			name = Main.storyboard;
			sourceTree = "<group>";
		};
		49886E2021EF6DC500430D27 /* LaunchScreen.storyboard */ = {
			isa = PBXVariantGroup;
			children = (
				49886E2121EF6DC500430D27 /* Base */,
			);
			name = LaunchScreen.storyboard;
			sourceTree = "<group>";
		};
/* End PBXVariantGroup section */

/* Begin XCBuildConfiguration section */
		49886E2421EF6DC500430D27 /* Debug */ = {
			isa = XCBuildConfiguration;
			buildSettings = {
				ALWAYS_SEARCH_USER_PATHS = NO;
				CLANG_ANALYZER_NONNULL = YES;
				CLANG_ANALYZER_NUMBER_OBJECT_CONVERSION = YES_AGGRESSIVE;
				CLANG_CXX_LANGUAGE_STANDARD = "gnu++14";
				CLANG_CXX_LIBRARY = "libc++";
				CLANG_ENABLE_MODULES = YES;
				CLANG_ENABLE_OBJC_ARC = YES;
				CLANG_ENABLE_OBJC_WEAK = YES;
				CLANG_WARN_BLOCK_CAPTURE_AUTORELEASING = YES;
				CLANG_WARN_BOOL_CONVERSION = YES;
				CLANG_WARN_COMMA = YES;
				CLANG_WARN_CONSTANT_CONVERSION = YES;
				CLANG_WARN_DEPRECATED_OBJC_IMPLEMENTATIONS = YES;
				CLANG_WARN_DIRECT_OBJC_ISA_USAGE = YES_ERROR;
				CLANG_WARN_DOCUMENTATION_COMMENTS = YES;
				CLANG_WARN_EMPTY_BODY = YES;
				CLANG_WARN_ENUM_CONVERSION = YES;
				CLANG_WARN_INFINITE_RECURSION = YES;
				CLANG_WARN_INT_CONVERSION = YES;
				CLANG_WARN_NON_LITERAL_NULL_CONVERSION = YES;
				CLANG_WARN_OBJC_IMPLICIT_RETAIN_SELF = YES;
				CLANG_WARN_OBJC_LITERAL_CONVERSION = YES;
				CLANG_WARN_OBJC_ROOT_CLASS = YES_ERROR;
				CLANG_WARN_RANGE_LOOP_ANALYSIS = YES;
				CLANG_WARN_STRICT_PROTOTYPES = YES;
				CLANG_WARN_SUSPICIOUS_MOVE = YES;
				CLANG_WARN_UNGUARDED_AVAILABILITY = YES_AGGRESSIVE;
				CLANG_WARN_UNREACHABLE_CODE = YES;
				CLANG_WARN__DUPLICATE_METHOD_MATCH = YES;
				CODE_SIGN_IDENTITY = "iPhone Developer";
				COPY_PHASE_STRIP = NO;
				DEBUG_INFORMATION_FORMAT = dwarf;
				ENABLE_STRICT_OBJC_MSGSEND = YES;
				ENABLE_TESTABILITY = YES;
				GCC_C_LANGUAGE_STANDARD = gnu11;
				GCC_DYNAMIC_NO_PIC = NO;
				GCC_NO_COMMON_BLOCKS = YES;
				GCC_OPTIMIZATION_LEVEL = 0;
				GCC_PREPROCESSOR_DEFINITIONS = (
					"DEBUG=1",
					"$(inherited)",
				);
				GCC_WARN_64_TO_32_BIT_CONVERSION = YES;
				GCC_WARN_ABOUT_RETURN_TYPE = YES_ERROR;
				GCC_WARN_UNDECLARED_SELECTOR = YES;
				GCC_WARN_UNINITIALIZED_AUTOS = YES_AGGRESSIVE;
				GCC_WARN_UNUSED_FUNCTION = YES;
				GCC_WARN_UNUSED_VARIABLE = YES;
				IPHONEOS_DEPLOYMENT_TARGET = 12.1;
				MTL_ENABLE_DEBUG_INFO = INCLUDE_SOURCE;
				MTL_FAST_MATH = YES;
				ONLY_ACTIVE_ARCH = YES;
				SDKROOT = iphoneos;
				SWIFT_ACTIVE_COMPILATION_CONDITIONS = DEBUG;
				SWIFT_OPTIMIZATION_LEVEL = "-Onone";
			};
			name = Debug;
		};
		49886E2521EF6DC500430D27 /* Release */ = {
			isa = XCBuildConfiguration;
			buildSettings = {
				ALWAYS_SEARCH_USER_PATHS = NO;
				CLANG_ANALYZER_NONNULL = YES;
				CLANG_ANALYZER_NUMBER_OBJECT_CONVERSION = YES_AGGRESSIVE;
				CLANG_CXX_LANGUAGE_STANDARD = "gnu++14";
				CLANG_CXX_LIBRARY = "libc++";
				CLANG_ENABLE_MODULES = YES;
				CLANG_ENABLE_OBJC_ARC = YES;
				CLANG_ENABLE_OBJC_WEAK = YES;
				CLANG_WARN_BLOCK_CAPTURE_AUTORELEASING = YES;
				CLANG_WARN_BOOL_CONVERSION = YES;
				CLANG_WARN_COMMA = YES;
				CLANG_WARN_CONSTANT_CONVERSION = YES;
				CLANG_WARN_DEPRECATED_OBJC_IMPLEMENTATIONS = YES;
				CLANG_WARN_DIRECT_OBJC_ISA_USAGE = YES_ERROR;
				CLANG_WARN_DOCUMENTATION_COMMENTS = YES;
				CLANG_WARN_EMPTY_BODY = YES;
				CLANG_WARN_ENUM_CONVERSION = YES;
				CLANG_WARN_INFINITE_RECURSION = YES;
				CLANG_WARN_INT_CONVERSION = YES;
				CLANG_WARN_NON_LITERAL_NULL_CONVERSION = YES;
				CLANG_WARN_OBJC_IMPLICIT_RETAIN_SELF = YES;
				CLANG_WARN_OBJC_LITERAL_CONVERSION = YES;
				CLANG_WARN_OBJC_ROOT_CLASS = YES_ERROR;
				CLANG_WARN_RANGE_LOOP_ANALYSIS = YES;
				CLANG_WARN_STRICT_PROTOTYPES = YES;
				CLANG_WARN_SUSPICIOUS_MOVE = YES;
				CLANG_WARN_UNGUARDED_AVAILABILITY = YES_AGGRESSIVE;
				CLANG_WARN_UNREACHABLE_CODE = YES;
				CLANG_WARN__DUPLICATE_METHOD_MATCH = YES;
				CODE_SIGN_IDENTITY = "iPhone Developer";
				COPY_PHASE_STRIP = NO;
				DEBUG_INFORMATION_FORMAT = "dwarf-with-dsym";
				ENABLE_NS_ASSERTIONS = NO;
				ENABLE_STRICT_OBJC_MSGSEND = YES;
				GCC_C_LANGUAGE_STANDARD = gnu11;
				GCC_NO_COMMON_BLOCKS = YES;
				GCC_WARN_64_TO_32_BIT_CONVERSION = YES;
				GCC_WARN_ABOUT_RETURN_TYPE = YES_ERROR;
				GCC_WARN_UNDECLARED_SELECTOR = YES;
				GCC_WARN_UNINITIALIZED_AUTOS = YES_AGGRESSIVE;
				GCC_WARN_UNUSED_FUNCTION = YES;
				GCC_WARN_UNUSED_VARIABLE = YES;
				IPHONEOS_DEPLOYMENT_TARGET = 12.1;
				MTL_ENABLE_DEBUG_INFO = NO;
				MTL_FAST_MATH = YES;
				SDKROOT = iphoneos;
				SWIFT_COMPILATION_MODE = wholemodule;
				SWIFT_OPTIMIZATION_LEVEL = "-O";
				VALIDATE_PRODUCT = YES;
			};
			name = Release;
		};
		49886E2721EF6DC500430D27 /* Debug */ = {
			isa = XCBuildConfiguration;
			baseConfigurationReference = 7466E6825C23AC3F79B2F353 /* Pods-Todoey.debug.xcconfig */;
			buildSettings = {
				ASSETCATALOG_COMPILER_APPICON_NAME = AppIcon;
				CODE_SIGN_STYLE = Automatic;
				DEVELOPMENT_TEAM = J4K49M2RF3;
				INFOPLIST_FILE = Todoey/Info.plist;
				LD_RUNPATH_SEARCH_PATHS = (
					"$(inherited)",
					"@executable_path/Frameworks",
				);
				PRODUCT_BUNDLE_IDENTIFIER = com.hardeep.Todoey;
				PRODUCT_NAME = "$(TARGET_NAME)";
				SWIFT_VERSION = 4.2;
				TARGETED_DEVICE_FAMILY = "1,2";
			};
			name = Debug;
		};
		49886E2821EF6DC500430D27 /* Release */ = {
			isa = XCBuildConfiguration;
			baseConfigurationReference = 92CB32F46B8936D38FE5F7FD /* Pods-Todoey.release.xcconfig */;
			buildSettings = {
				ASSETCATALOG_COMPILER_APPICON_NAME = AppIcon;
				CODE_SIGN_STYLE = Automatic;
				DEVELOPMENT_TEAM = J4K49M2RF3;
				INFOPLIST_FILE = Todoey/Info.plist;
				LD_RUNPATH_SEARCH_PATHS = (
					"$(inherited)",
					"@executable_path/Frameworks",
				);
				PRODUCT_BUNDLE_IDENTIFIER = com.hardeep.Todoey;
				PRODUCT_NAME = "$(TARGET_NAME)";
				SWIFT_VERSION = 4.2;
				TARGETED_DEVICE_FAMILY = "1,2";
			};
			name = Release;
		};
/* End XCBuildConfiguration section */

/* Begin XCConfigurationList section */
		49886E0F21EF6DC400430D27 /* Build configuration list for PBXProject "Todoey" */ = {
			isa = XCConfigurationList;
			buildConfigurations = (
				49886E2421EF6DC500430D27 /* Debug */,
				49886E2521EF6DC500430D27 /* Release */,
			);
			defaultConfigurationIsVisible = 0;
			defaultConfigurationName = Release;
		};
		49886E2621EF6DC500430D27 /* Build configuration list for PBXNativeTarget "Todoey" */ = {
			isa = XCConfigurationList;
			buildConfigurations = (
				49886E2721EF6DC500430D27 /* Debug */,
				49886E2821EF6DC500430D27 /* Release */,
			);
			defaultConfigurationIsVisible = 0;
			defaultConfigurationName = Release;
		};
/* End XCConfigurationList section */
	};
	rootObject = 49886E0C21EF6DC400430D27 /* Project object */;
}
